<?xml version="1.0" encoding="utf-8"?>
<Project ToolsVersion="4.0" xmlns="http://schemas.microsoft.com/developer/msbuild/2003">
  <ItemGroup>
    <Filter Include="Source Files">
      <UniqueIdentifier>{4FC737F1-C7A5-4376-A066-2A32D752A2FF}</UniqueIdentifier>
      <Extensions>cpp;c;cc;cxx;def;odl;idl;hpj;bat;asm;asmx</Extensions>
    </Filter>
    <Filter Include="Header Files">
      <UniqueIdentifier>{93995380-89BD-4b04-88EB-625FBE52EBFB}</UniqueIdentifier>
      <Extensions>h;hpp;hxx;hm;inl;inc;xsd</Extensions>
    </Filter>
    <Filter Include="Documents">
      <UniqueIdentifier>{36d60a99-9b59-434c-8eb8-a3907e0547da}</UniqueIdentifier>
      <Extensions>txt;doc;html</Extensions>
    </Filter>
    <Filter Include="Source Files\NewFilter1">
      <UniqueIdentifier>{18d69346-311e-47af-8850-ca79c980800b}</UniqueIdentifier>
    </Filter>
  </ItemGroup>
  <ItemGroup>
    <ClCompile Include="AllRoutines.cpp">
      <Filter>Source Files</Filter>
    </ClCompile>
    <ClCompile Include="SystemCall.cpp">
      <Filter>Source Files</Filter>
    </ClCompile>
    <ClCompile Include="ParanoidDetector.cpp">
      <Filter>Source Files</Filter>
    </ClCompile>
    <ClCompile Include="ShellCode.cpp">
      <Filter>Source Files</Filter>
    </ClCompile>
  </ItemGroup>
  <ItemGroup>
    <None Include="..\README">
      <Filter>Documents</Filter>
    </None>
  </ItemGroup>
  <ItemGroup>
    <ClInclude Include="SystemCall.h">
      <Filter>Header Files</Filter>
    </ClInclude>
    <ClInclude Include="AllRoutines.h">
      <Filter>Header Files</Filter>
    </ClInclude>
    <ClInclude Include="main.h">
      <Filter>Header Files</Filter>
    </ClInclude>
    <ClInclude Include="ShellCode.h">
      <Filter>Header Files</Filter>
    </ClInclude>
  </ItemGroup>
</Project>